
Microsoft Visual Studio Solution File, Format Version 12.00
# Visual Studio 15
VisualStudioVersion = 15.0.28307.1145
MinimumVisualStudioVersion = 10.0.40219.1
Project("{FAE04EC0-301F-11D3-BF4B-00C04F79EFBC}") = "RatingDemoTest", "RatingDemoTest\RatingDemoTest.csproj", "{381DC5B1-67D8-487D-A86E-697BC0BD6DF4}"
EndProject
Project("{FAE04EC0-301F-11D3-BF4B-00C04F79EFBC}") = "Model", "Model\Model.csproj", "{C75F709F-674A-48E5-B64A-317D5F5C56AD}"
EndProject
Project("{FAE04EC0-301F-11D3-BF4B-00C04F79EFBC}") = "Service", "Service\Service.csproj", "{F4DD58C4-E218-46CF-B9AC-A89C8D8E889A}"
EndProject
Global
	GlobalSection(SolutionConfigurationPlatforms) = preSolution
		Debug|Any CPU = Debug|Any CPU
		Release|Any CPU = Release|Any CPU
	EndGlobalSection
	GlobalSection(ProjectConfigurationPlatforms) = postSolution
		{381DC5B1-67D8-487D-A86E-697BC0BD6DF4}.Debug|Any CPU.ActiveCfg = Debug|Any CPU
		{381DC5B1-67D8-487D-A86E-697BC0BD6DF4}.Debug|Any CPU.Build.0 = Debug|Any CPU
		{381DC5B1-67D8-487D-A86E-697BC0BD6DF4}.Release|Any CPU.ActiveCfg = Release|Any CPU
		{381DC5B1-67D8-487D-A86E-697BC0BD6DF4}.Release|Any CPU.Build.0 = Release|Any CPU
		{C75F709F-674A-48E5-B64A-317D5F5C56AD}.Debug|Any CPU.ActiveCfg = Debug|Any CPU
		{C75F709F-674A-48E5-B64A-317D5F5C56AD}.Debug|Any CPU.Build.0 = Debug|Any CPU
		{C75F709F-674A-48E5-B64A-317D5F5C56AD}.Release|Any CPU.ActiveCfg = Release|Any CPU
		{C75F709F-674A-48E5-B64A-317D5F5C56AD}.Release|Any CPU.Build.0 = Release|Any CPU
		{F4DD58C4-E218-46CF-B9AC-A89C8D8E889A}.Debug|Any CPU.ActiveCfg = Debug|Any CPU
		{F4DD58C4-E218-46CF-B9AC-A89C8D8E889A}.Debug|Any CPU.Build.0 = Debug|Any CPU
		{F4DD58C4-E218-46CF-B9AC-A89C8D8E889A}.Release|Any CPU.ActiveCfg = Release|Any CPU
		{F4DD58C4-E218-46CF-B9AC-A89C8D8E889A}.Release|Any CPU.Build.0 = Release|Any CPU
	EndGlobalSection
	GlobalSection(SolutionProperties) = preSolution
		HideSolutionNode = FALSE
	EndGlobalSection
	GlobalSection(ExtensibilityGlobals) = postSolution
		SolutionGuid = {EE58575F-3BA4-491E-999A-E9CF331FB52B}
	EndGlobalSection
EndGlobal
